
Microsoft Visual Studio Solution File, Format Version 12.00
# Visual Studio Version 16
VisualStudioVersion = 25.0.1706.10
MinimumVisualStudioVersion = 10.0.40219.1
Project("{FAE04EC0-301F-11D3-BF4B-00C04F79EFBC}") = "SQliteMAUI", "SQliteMAUI\SQliteMAUI.csproj", "{38B09453-3018-49C0-A5B4-5620A35D5D9E}"
EndProject
Global
	GlobalSection(SolutionConfigurationPlatforms) = preSolution
		Debug|Any CPU = Debug|Any CPU
		Release|Any CPU = Release|Any CPU
	EndGlobalSection
	GlobalSection(ProjectConfigurationPlatforms) = postSolution
		{38B09453-3018-49C0-A5B4-5620A35D5D9E}.Debug|Any CPU.ActiveCfg = Debug|Any CPU
		{38B09453-3018-49C0-A5B4-5620A35D5D9E}.Debug|Any CPU.Build.0 = Debug|Any CPU
		{38B09453-3018-49C0-A5B4-5620A35D5D9E}.Release|Any CPU.ActiveCfg = Release|Any CPU
		{38B09453-3018-49C0-A5B4-5620A35D5D9E}.Release|Any CPU.Build.0 = Release|Any CPU
	EndGlobalSection
	GlobalSection(SolutionProperties) = preSolution
		HideSolutionNode = FALSE
	EndGlobalSection
	GlobalSection(ExtensibilityGlobals) = postSolution
		SolutionGuid = {F0F32489-41E3-4049-808E-CCB74C39FA14}
	EndGlobalSection
EndGlobal
